// !$*UTF8*$!
{
	archiveVersion = 1;
	classes = {
	};
	objectVersion = 46;
	objects = {

/* Begin PBXBuildFile section */
		44F9FA111632B7A0001A958B /* UIKit.framework in Frameworks */ = {isa = PBXBuildFile; fileRef = 44F9FA101632B7A0001A958B /* UIKit.framework */; };
		44F9FA131632B7A0001A958B /* Foundation.framework in Frameworks */ = {isa = PBXBuildFile; fileRef = 44F9FA121632B7A0001A958B /* Foundation.framework */; };
		44F9FA151632B7A0001A958B /* CoreGraphics.framework in Frameworks */ = {isa = PBXBuildFile; fileRef = 44F9FA141632B7A0001A958B /* CoreGraphics.framework */; };
		44F9FA1B1632B7A0001A958B /* InfoPlist.strings in Resources */ = {isa = PBXBuildFile; fileRef = 44F9FA191632B7A0001A958B /* InfoPlist.strings */; };
		44F9FA1D1632B7A0001A958B /* main.m in Sources */ = {isa = PBXBuildFile; fileRef = 44F9FA1C1632B7A0001A958B /* main.m */; };
		44F9FA211632B7A0001A958B /* AppDelegate.m in Sources */ = {isa = PBXBuildFile; fileRef = 44F9FA201632B7A0001A958B /* AppDelegate.m */; };
		44F9FA241632B7A0001A958B /* MainStoryboard.storyboard in Resources */ = {isa = PBXBuildFile; fileRef = 44F9FA221632B7A0001A958B /* MainStoryboard.storyboard */; };
		44F9FA271632B7A0001A958B /* ViewController.m in Sources */ = {isa = PBXBuildFile; fileRef = 44F9FA261632B7A0001A958B /* ViewController.m */; };
		44F9FA2F1632B7A1001A958B /* SenTestingKit.framework in Frameworks */ = {isa = PBXBuildFile; fileRef = 44F9FA2E1632B7A1001A958B /* SenTestingKit.framework */; };
		44F9FA301632B7A1001A958B /* UIKit.framework in Frameworks */ = {isa = PBXBuildFile; fileRef = 44F9FA101632B7A0001A958B /* UIKit.framework */; };
		44F9FA311632B7A1001A958B /* Foundation.framework in Frameworks */ = {isa = PBXBuildFile; fileRef = 44F9FA121632B7A0001A958B /* Foundation.framework */; };
		44F9FA391632B7A1001A958B /* InfoPlist.strings in Resources */ = {isa = PBXBuildFile; fileRef = 44F9FA371632B7A1001A958B /* InfoPlist.strings */; };
		44F9FA3C1632B7A1001A958B /* ilmoTests.m in Sources */ = {isa = PBXBuildFile; fileRef = 44F9FA3B1632B7A1001A958B /* ilmoTests.m */; };
/* End PBXBuildFile section */

/* Begin PBXContainerItemProxy section */
		44F9FA321632B7A1001A958B /* PBXContainerItemProxy */ = {
			isa = PBXContainerItemProxy;
			containerPortal = 44F9FA031632B7A0001A958B /* Project object */;
			proxyType = 1;
			remoteGlobalIDString = 44F9FA0B1632B7A0001A958B;
			remoteInfo = ilmo;
		};
/* End PBXContainerItemProxy section */

/* Begin PBXFileReference section */
		44F9FA0C1632B7A0001A958B /* ilmo.app */ = {isa = PBXFileReference; explicitFileType = wrapper.application; includeInIndex = 0; path = ilmo.app; sourceTree = BUILT_PRODUCTS_DIR; };
		44F9FA101632B7A0001A958B /* UIKit.framework */ = {isa = PBXFileReference; lastKnownFileType = wrapper.framework; name = UIKit.framework; path = System/Library/Frameworks/UIKit.framework; sourceTree = SDKROOT; };
		44F9FA121632B7A0001A958B /* Foundation.framework */ = {isa = PBXFileReference; lastKnownFileType = wrapper.framework; name = Foundation.framework; path = System/Library/Frameworks/Foundation.framework; sourceTree = SDKROOT; };
		44F9FA141632B7A0001A958B /* CoreGraphics.framework */ = {isa = PBXFileReference; lastKnownFileType = wrapper.framework; name = CoreGraphics.framework; path = System/Library/Frameworks/CoreGraphics.framework; sourceTree = SDKROOT; };
		44F9FA181632B7A0001A958B /* ilmo-Info.plist */ = {isa = PBXFileReference; lastKnownFileType = text.plist.xml; path = "ilmo-Info.plist"; sourceTree = "<group>"; };
		44F9FA1A1632B7A0001A958B /* en */ = {isa = PBXFileReference; lastKnownFileType = text.plist.strings; name = en; path = en.lproj/InfoPlist.strings; sourceTree = "<group>"; };
		44F9FA1C1632B7A0001A958B /* main.m */ = {isa = PBXFileReference; lastKnownFileType = sourcecode.c.objc; path = main.m; sourceTree = "<group>"; };
		44F9FA1E1632B7A0001A958B /* ilmo-Prefix.pch */ = {isa = PBXFileReference; lastKnownFileType = sourcecode.c.h; path = "ilmo-Prefix.pch"; sourceTree = "<group>"; };
		44F9FA1F1632B7A0001A958B /* AppDelegate.h */ = {isa = PBXFileReference; lastKnownFileType = sourcecode.c.h; path = AppDelegate.h; sourceTree = "<group>"; };
		44F9FA201632B7A0001A958B /* AppDelegate.m */ = {isa = PBXFileReference; lastKnownFileType = sourcecode.c.objc; path = AppDelegate.m; sourceTree = "<group>"; };
		44F9FA231632B7A0001A958B /* en */ = {isa = PBXFileReference; lastKnownFileType = file.storyboard; name = en; path = en.lproj/MainStoryboard.storyboard; sourceTree = "<group>"; };
		44F9FA251632B7A0001A958B /* ViewController.h */ = {isa = PBXFileReference; lastKnownFileType = sourcecode.c.h; path = ViewController.h; sourceTree = "<group>"; };
		44F9FA261632B7A0001A958B /* ViewController.m */ = {isa = PBXFileReference; lastKnownFileType = sourcecode.c.objc; path = ViewController.m; sourceTree = "<group>"; };
		44F9FA2D1632B7A1001A958B /* ilmoTests.octest */ = {isa = PBXFileReference; explicitFileType = wrapper.cfbundle; includeInIndex = 0; path = ilmoTests.octest; sourceTree = BUILT_PRODUCTS_DIR; };
		44F9FA2E1632B7A1001A958B /* SenTestingKit.framework */ = {isa = PBXFileReference; lastKnownFileType = wrapper.framework; name = SenTestingKit.framework; path = Library/Frameworks/SenTestingKit.framework; sourceTree = DEVELOPER_DIR; };
		44F9FA361632B7A1001A958B /* ilmoTests-Info.plist */ = {isa = PBXFileReference; lastKnownFileType = text.plist.xml; path = "ilmoTests-Info.plist"; sourceTree = "<group>"; };
		44F9FA381632B7A1001A958B /* en */ = {isa = PBXFileReference; lastKnownFileType = text.plist.strings; name = en; path = en.lproj/InfoPlist.strings; sourceTree = "<group>"; };
		44F9FA3A1632B7A1001A958B /* ilmoTests.h */ = {isa = PBXFileReference; lastKnownFileType = sourcecode.c.h; path = ilmoTests.h; sourceTree = "<group>"; };
		44F9FA3B1632B7A1001A958B /* ilmoTests.m */ = {isa = PBXFileReference; lastKnownFileType = sourcecode.c.objc; path = ilmoTests.m; sourceTree = "<group>"; };
/* End PBXFileReference section */

/* Begin PBXFrameworksBuildPhase section */
		44F9FA091632B7A0001A958B /* Frameworks */ = {
			isa = PBXFrameworksBuildPhase;
			buildActionMask = 2147483647;
			files = (
				44F9FA111632B7A0001A958B /* UIKit.framework in Frameworks */,
				44F9FA131632B7A0001A958B /* Foundation.framework in Frameworks */,
				44F9FA151632B7A0001A958B /* CoreGraphics.framework in Frameworks */,
			);
			runOnlyForDeploymentPostprocessing = 0;
		};
		44F9FA291632B7A1001A958B /* Frameworks */ = {
			isa = PBXFrameworksBuildPhase;
			buildActionMask = 2147483647;
			files = (
				44F9FA2F1632B7A1001A958B /* SenTestingKit.framework in Frameworks */,
				44F9FA301632B7A1001A958B /* UIKit.framework in Frameworks */,
				44F9FA311632B7A1001A958B /* Foundation.framework in Frameworks */,
			);
			runOnlyForDeploymentPostprocessing = 0;
		};
/* End PBXFrameworksBuildPhase section */

/* Begin PBXGroup section */
		44F9FA011632B7A0001A958B = {
			isa = PBXGroup;
			children = (
				44F9FA161632B7A0001A958B /* ilmo */,
				44F9FA341632B7A1001A958B /* ilmoTests */,
				44F9FA0F1632B7A0001A958B /* Frameworks */,
				44F9FA0D1632B7A0001A958B /* Products */,
			);
			sourceTree = "<group>";
		};
		44F9FA0D1632B7A0001A958B /* Products */ = {
			isa = PBXGroup;
			children = (
				44F9FA0C1632B7A0001A958B /* ilmo.app */,
				44F9FA2D1632B7A1001A958B /* ilmoTests.octest */,
			);
			name = Products;
			sourceTree = "<group>";
		};
		44F9FA0F1632B7A0001A958B /* Frameworks */ = {
			isa = PBXGroup;
			children = (
				44F9FA101632B7A0001A958B /* UIKit.framework */,
				44F9FA121632B7A0001A958B /* Foundation.framework */,
				44F9FA141632B7A0001A958B /* CoreGraphics.framework */,
				44F9FA2E1632B7A1001A958B /* SenTestingKit.framework */,
			);
			name = Frameworks;
			sourceTree = "<group>";
		};
		44F9FA161632B7A0001A958B /* ilmo */ = {
			isa = PBXGroup;
			children = (
				44F9FA1F1632B7A0001A958B /* AppDelegate.h */,
				44F9FA201632B7A0001A958B /* AppDelegate.m */,
				44F9FA221632B7A0001A958B /* MainStoryboard.storyboard */,
				44F9FA251632B7A0001A958B /* ViewController.h */,
				44F9FA261632B7A0001A958B /* ViewController.m */,
				44F9FA171632B7A0001A958B /* Supporting Files */,
			);
			path = ilmo;
			sourceTree = "<group>";
		};
		44F9FA171632B7A0001A958B /* Supporting Files */ = {
			isa = PBXGroup;
			children = (
				44F9FA181632B7A0001A958B /* ilmo-Info.plist */,
				44F9FA191632B7A0001A958B /* InfoPlist.strings */,
				44F9FA1C1632B7A0001A958B /* main.m */,
				44F9FA1E1632B7A0001A958B /* ilmo-Prefix.pch */,
			);
			name = "Supporting Files";
			sourceTree = "<group>";
		};
		44F9FA341632B7A1001A958B /* ilmoTests */ = {
			isa = PBXGroup;
			children = (
				44F9FA3A1632B7A1001A958B /* ilmoTests.h */,
				44F9FA3B1632B7A1001A958B /* ilmoTests.m */,
				44F9FA351632B7A1001A958B /* Supporting Files */,
			);
			path = ilmoTests;
			sourceTree = "<group>";
		};
		44F9FA351632B7A1001A958B /* Supporting Files */ = {
			isa = PBXGroup;
			children = (
				44F9FA361632B7A1001A958B /* ilmoTests-Info.plist */,
				44F9FA371632B7A1001A958B /* InfoPlist.strings */,
			);
			name = "Supporting Files";
			sourceTree = "<group>";
		};
/* End PBXGroup section */

/* Begin PBXNativeTarget section */
		44F9FA0B1632B7A0001A958B /* ilmo */ = {
			isa = PBXNativeTarget;
			buildConfigurationList = 44F9FA3F1632B7A1001A958B /* Build configuration list for PBXNativeTarget "ilmo" */;
			buildPhases = (
				44F9FA081632B7A0001A958B /* Sources */,
				44F9FA091632B7A0001A958B /* Frameworks */,
				44F9FA0A1632B7A0001A958B /* Resources */,
			);
			buildRules = (
			);
			dependencies = (
			);
			name = ilmo;
			productName = ilmo;
			productReference = 44F9FA0C1632B7A0001A958B /* ilmo.app */;
			productType = "com.apple.product-type.application";
		};
		44F9FA2C1632B7A1001A958B /* ilmoTests */ = {
			isa = PBXNativeTarget;
			buildConfigurationList = 44F9FA421632B7A1001A958B /* Build configuration list for PBXNativeTarget "ilmoTests" */;
			buildPhases = (
				44F9FA281632B7A1001A958B /* Sources */,
				44F9FA291632B7A1001A958B /* Frameworks */,
				44F9FA2A1632B7A1001A958B /* Resources */,
				44F9FA2B1632B7A1001A958B /* ShellScript */,
			);
			buildRules = (
			);
			dependencies = (
				44F9FA331632B7A1001A958B /* PBXTargetDependency */,
			);
			name = ilmoTests;
			productName = ilmoTests;
			productReference = 44F9FA2D1632B7A1001A958B /* ilmoTests.octest */;
			productType = "com.apple.product-type.bundle";
		};
/* End PBXNativeTarget section */

/* Begin PBXProject section */
		44F9FA031632B7A0001A958B /* Project object */ = {
			isa = PBXProject;
			attributes = {
				LastUpgradeCheck = 0430;
			};
			buildConfigurationList = 44F9FA061632B7A0001A958B /* Build configuration list for PBXProject "ilmo" */;
			compatibilityVersion = "Xcode 3.2";
			developmentRegion = English;
			hasScannedForEncodings = 0;
			knownRegions = (
				en,
			);
			mainGroup = 44F9FA011632B7A0001A958B;
			productRefGroup = 44F9FA0D1632B7A0001A958B /* Products */;
			projectDirPath = "";
			projectRoot = "";
			targets = (
				44F9FA0B1632B7A0001A958B /* ilmo */,
				44F9FA2C1632B7A1001A958B /* ilmoTests */,
			);
		};
/* End PBXProject section */

/* Begin PBXResourcesBuildPhase section */
		44F9FA0A1632B7A0001A958B /* Resources */ = {
			isa = PBXResourcesBuildPhase;
			buildActionMask = 2147483647;
			files = (
				44F9FA1B1632B7A0001A958B /* InfoPlist.strings in Resources */,
				44F9FA241632B7A0001A958B /* MainStoryboard.storyboard in Resources */,
			);
			runOnlyForDeploymentPostprocessing = 0;
		};
		44F9FA2A1632B7A1001A958B /* Resources */ = {
			isa = PBXResourcesBuildPhase;
			buildActionMask = 2147483647;
			files = (
				44F9FA391632B7A1001A958B /* InfoPlist.strings in Resources */,
			);
			runOnlyForDeploymentPostprocessing = 0;
		};
/* End PBXResourcesBuildPhase section */

/* Begin PBXShellScriptBuildPhase section */
		44F9FA2B1632B7A1001A958B /* ShellScript */ = {
			isa = PBXShellScriptBuildPhase;
			buildActionMask = 2147483647;
			files = (
			);
			inputPaths = (
			);
			outputPaths = (
			);
			runOnlyForDeploymentPostprocessing = 0;
			shellPath = /bin/sh;
			shellScript = "# Run the unit tests in this test bundle.\n\"${SYSTEM_DEVELOPER_DIR}/Tools/RunUnitTests\"\n";
		};
/* End PBXShellScriptBuildPhase section */

/* Begin PBXSourcesBuildPhase section */
		44F9FA081632B7A0001A958B /* Sources */ = {
			isa = PBXSourcesBuildPhase;
			buildActionMask = 2147483647;
			files = (
				44F9FA1D1632B7A0001A958B /* main.m in Sources */,
				44F9FA211632B7A0001A958B /* AppDelegate.m in Sources */,
				44F9FA271632B7A0001A958B /* ViewController.m in Sources */,
			);
			runOnlyForDeploymentPostprocessing = 0;
		};
		44F9FA281632B7A1001A958B /* Sources */ = {
			isa = PBXSourcesBuildPhase;
			buildActionMask = 2147483647;
			files = (
				44F9FA3C1632B7A1001A958B /* ilmoTests.m in Sources */,
			);
			runOnlyForDeploymentPostprocessing = 0;
		};
/* End PBXSourcesBuildPhase section */

/* Begin PBXTargetDependency section */
		44F9FA331632B7A1001A958B /* PBXTargetDependency */ = {
			isa = PBXTargetDependency;
			target = 44F9FA0B1632B7A0001A958B /* ilmo */;
			targetProxy = 44F9FA321632B7A1001A958B /* PBXContainerItemProxy */;
		};
/* End PBXTargetDependency section */

/* Begin PBXVariantGroup section */
		44F9FA191632B7A0001A958B /* InfoPlist.strings */ = {
			isa = PBXVariantGroup;
			children = (
				44F9FA1A1632B7A0001A958B /* en */,
			);
			name = InfoPlist.strings;
			sourceTree = "<group>";
		};
		44F9FA221632B7A0001A958B /* MainStoryboard.storyboard */ = {
			isa = PBXVariantGroup;
			children = (
				44F9FA231632B7A0001A958B /* en */,
			);
			name = MainStoryboard.storyboard;
			sourceTree = "<group>";
		};
		44F9FA371632B7A1001A958B /* InfoPlist.strings */ = {
			isa = PBXVariantGroup;
			children = (
				44F9FA381632B7A1001A958B /* en */,
			);
			name = InfoPlist.strings;
			sourceTree = "<group>";
		};
/* End PBXVariantGroup section */

/* Begin XCBuildConfiguration section */
		44F9FA3D1632B7A1001A958B /* Debug */ = {
			isa = XCBuildConfiguration;
			buildSettings = {
				ALWAYS_SEARCH_USER_PATHS = NO;
				ARCHS = "$(ARCHS_STANDARD_32_BIT)";
				CLANG_ENABLE_OBJC_ARC = YES;
				"CODE_SIGN_IDENTITY[sdk=iphoneos*]" = "iPhone Developer";
				COPY_PHASE_STRIP = NO;
				GCC_C_LANGUAGE_STANDARD = gnu99;
				GCC_DYNAMIC_NO_PIC = NO;
				GCC_OPTIMIZATION_LEVEL = 0;
				GCC_PREPROCESSOR_DEFINITIONS = (
					"DEBUG=1",
					"$(inherited)",
				);
				GCC_SYMBOLS_PRIVATE_EXTERN = NO;
				GCC_VERSION = com.apple.compilers.llvm.clang.1_0;
				GCC_WARN_ABOUT_RETURN_TYPE = YES;
				GCC_WARN_UNINITIALIZED_AUTOS = YES;
				GCC_WARN_UNUSED_VARIABLE = YES;
				IPHONEOS_DEPLOYMENT_TARGET = 5.1;
				SDKROOT = iphoneos;
			};
			name = Debug;
		};
		44F9FA3E1632B7A1001A958B /* Release */ = {
			isa = XCBuildConfiguration;
			buildSettings = {
				ALWAYS_SEARCH_USER_PATHS = NO;
				ARCHS = "$(ARCHS_STANDARD_32_BIT)";
				CLANG_ENABLE_OBJC_ARC = YES;
				"CODE_SIGN_IDENTITY[sdk=iphoneos*]" = "iPhone Developer";
				COPY_PHASE_STRIP = YES;
				GCC_C_LANGUAGE_STANDARD = gnu99;
				GCC_VERSION = com.apple.compilers.llvm.clang.1_0;
				GCC_WARN_ABOUT_RETURN_TYPE = YES;
				GCC_WARN_UNINITIALIZED_AUTOS = YES;
				GCC_WARN_UNUSED_VARIABLE = YES;
				IPHONEOS_DEPLOYMENT_TARGET = 5.1;
				OTHER_CFLAGS = "-DNS_BLOCK_ASSERTIONS=1";
				SDKROOT = iphoneos;
				VALIDATE_PRODUCT = YES;
			};
			name = Release;
		};
		44F9FA401632B7A1001A958B /* Debug */ = {
			isa = XCBuildConfiguration;
			buildSettings = {
				GCC_PRECOMPILE_PREFIX_HEADER = YES;
				GCC_PREFIX_HEADER = "ilmo/ilmo-Prefix.pch";
				INFOPLIST_FILE = "ilmo/ilmo-Info.plist";
				PRODUCT_NAME = "$(TARGET_NAME)";
				WRAPPER_EXTENSION = app;
			};
			name = Debug;
		};
		44F9FA411632B7A1001A958B /* Release */ = {
			isa = XCBuildConfiguration;
			buildSettings = {
				GCC_PRECOMPILE_PREFIX_HEADER = YES;
				GCC_PREFIX_HEADER = "ilmo/ilmo-Prefix.pch";
				INFOPLIST_FILE = "ilmo/ilmo-Info.plist";
				PRODUCT_NAME = "$(TARGET_NAME)";
				WRAPPER_EXTENSION = app;
			};
			name = Release;
		};
		44F9FA431632B7A1001A958B /* Debug */ = {
			isa = XCBuildConfiguration;
			buildSettings = {
				BUNDLE_LOADER = "$(BUILT_PRODUCTS_DIR)/ilmo.app/ilmo";
				FRAMEWORK_SEARCH_PATHS = (
					"$(SDKROOT)/Developer/Library/Frameworks",
					"$(DEVELOPER_LIBRARY_DIR)/Frameworks",
				);
				GCC_PRECOMPILE_PREFIX_HEADER = YES;
				GCC_PREFIX_HEADER = "ilmo/ilmo-Prefix.pch";
				INFOPLIST_FILE = "ilmoTests/ilmoTests-Info.plist";
				PRODUCT_NAME = "$(TARGET_NAME)";
				TEST_HOST = "$(BUNDLE_LOADER)";
				WRAPPER_EXTENSION = octest;
			};
			name = Debug;
		};
		44F9FA441632B7A1001A958B /* Release */ = {
			isa = XCBuildConfiguration;
			buildSettings = {
				BUNDLE_LOADER = "$(BUILT_PRODUCTS_DIR)/ilmo.app/ilmo";
				FRAMEWORK_SEARCH_PATHS = (
					"$(SDKROOT)/Developer/Library/Frameworks",
					"$(DEVELOPER_LIBRARY_DIR)/Frameworks",
				);
				GCC_PRECOMPILE_PREFIX_HEADER = YES;
				GCC_PREFIX_HEADER = "ilmo/ilmo-Prefix.pch";
				INFOPLIST_FILE = "ilmoTests/ilmoTests-Info.plist";
				PRODUCT_NAME = "$(TARGET_NAME)";
				TEST_HOST = "$(BUNDLE_LOADER)";
				WRAPPER_EXTENSION = octest;
			};
			name = Release;
		};
/* End XCBuildConfiguration section */

/* Begin XCConfigurationList section */
		44F9FA061632B7A0001A958B /* Build configuration list for PBXProject "ilmo" */ = {
			isa = XCConfigurationList;
			buildConfigurations = (
				44F9FA3D1632B7A1001A958B /* Debug */,
				44F9FA3E1632B7A1001A958B /* Release */,
			);
			defaultConfigurationIsVisible = 0;
			defaultConfigurationName = Release;
		};
		44F9FA3F1632B7A1001A958B /* Build configuration list for PBXNativeTarget "ilmo" */ = {
			isa = XCConfigurationList;
			buildConfigurations = (
				44F9FA401632B7A1001A958B /* Debug */,
				44F9FA411632B7A1001A958B /* Release */,
			);
			defaultConfigurationIsVisible = 0;
		};
		44F9FA421632B7A1001A958B /* Build configuration list for PBXNativeTarget "ilmoTests" */ = {
			isa = XCConfigurationList;
			buildConfigurations = (
				44F9FA431632B7A1001A958B /* Debug */,
				44F9FA441632B7A1001A958B /* Release */,
			);
			defaultConfigurationIsVisible = 0;
		};
/* End XCConfigurationList section */
	};
	rootObject = 44F9FA031632B7A0001A958B /* Project object */;
}
